
Microsoft Visual Studio Solution File, Format Version 12.00
# Visual Studio Version 16
VisualStudioVersion = 16.0.31729.503
MinimumVisualStudioVersion = 10.0.40219.1
Project("{FAE04EC0-301F-11D3-BF4B-00C04F79EFBC}") = "RazorPagesGeneral", "RazorPagesGeneral\RazorPagesGeneral.csproj", "{2C21AEA3-DC36-4367-9948-3C433E0C4FE2}"
EndProject
Project("{FAE04EC0-301F-11D3-BF4B-00C04F79EFBC}") = "RazorPagesProject.Models", "RazorPagesProject.Models\RazorPagesProject.Models.csproj", "{BBD5CAB9-03E3-4BEA-B1ED-105E1BEE9112}"
EndProject
Project("{FAE04EC0-301F-11D3-BF4B-00C04F79EFBC}") = "RazorPagesProject.Services", "RazorPagesProject.Services\RazorPagesProject.Services.csproj", "{3CC07DB4-0E6D-4B3E-9F8C-9DEDE273EA4C}"
EndProject
Global
	GlobalSection(SolutionConfigurationPlatforms) = preSolution
		Debug|Any CPU = Debug|Any CPU
		Release|Any CPU = Release|Any CPU
	EndGlobalSection
	GlobalSection(ProjectConfigurationPlatforms) = postSolution
		{2C21AEA3-DC36-4367-9948-3C433E0C4FE2}.Debug|Any CPU.ActiveCfg = Debug|Any CPU
		{2C21AEA3-DC36-4367-9948-3C433E0C4FE2}.Debug|Any CPU.Build.0 = Debug|Any CPU
		{2C21AEA3-DC36-4367-9948-3C433E0C4FE2}.Release|Any CPU.ActiveCfg = Release|Any CPU
		{2C21AEA3-DC36-4367-9948-3C433E0C4FE2}.Release|Any CPU.Build.0 = Release|Any CPU
		{BBD5CAB9-03E3-4BEA-B1ED-105E1BEE9112}.Debug|Any CPU.ActiveCfg = Debug|Any CPU
		{BBD5CAB9-03E3-4BEA-B1ED-105E1BEE9112}.Debug|Any CPU.Build.0 = Debug|Any CPU
		{BBD5CAB9-03E3-4BEA-B1ED-105E1BEE9112}.Release|Any CPU.ActiveCfg = Release|Any CPU
		{BBD5CAB9-03E3-4BEA-B1ED-105E1BEE9112}.Release|Any CPU.Build.0 = Release|Any CPU
		{3CC07DB4-0E6D-4B3E-9F8C-9DEDE273EA4C}.Debug|Any CPU.ActiveCfg = Debug|Any CPU
		{3CC07DB4-0E6D-4B3E-9F8C-9DEDE273EA4C}.Debug|Any CPU.Build.0 = Debug|Any CPU
		{3CC07DB4-0E6D-4B3E-9F8C-9DEDE273EA4C}.Release|Any CPU.ActiveCfg = Release|Any CPU
		{3CC07DB4-0E6D-4B3E-9F8C-9DEDE273EA4C}.Release|Any CPU.Build.0 = Release|Any CPU
	EndGlobalSection
	GlobalSection(SolutionProperties) = preSolution
		HideSolutionNode = FALSE
	EndGlobalSection
	GlobalSection(ExtensibilityGlobals) = postSolution
		SolutionGuid = {C18D5E31-C72E-4D86-A6CD-0B65DE6F1220}
	EndGlobalSection
EndGlobal
